
Microsoft Visual Studio Solution File, Format Version 12.00
# Visual Studio Version 17
VisualStudioVersion = 17.9.34607.119
MinimumVisualStudioVersion = 10.0.40219.1
Project("{FAE04EC0-301F-11D3-BF4B-00C04F79EFBC}") = "lab1ex9", "lab1ex9\lab1ex9.csproj", "{2E2C8277-2273-47A6-A311-EC2DBCEACEE2}"
EndProject
Global
	GlobalSection(SolutionConfigurationPlatforms) = preSolution
		Debug|Any CPU = Debug|Any CPU
		Release|Any CPU = Release|Any CPU
	EndGlobalSection
	GlobalSection(ProjectConfigurationPlatforms) = postSolution
		{2E2C8277-2273-47A6-A311-EC2DBCEACEE2}.Debug|Any CPU.ActiveCfg = Debug|Any CPU
		{2E2C8277-2273-47A6-A311-EC2DBCEACEE2}.Debug|Any CPU.Build.0 = Debug|Any CPU
		{2E2C8277-2273-47A6-A311-EC2DBCEACEE2}.Release|Any CPU.ActiveCfg = Release|Any CPU
		{2E2C8277-2273-47A6-A311-EC2DBCEACEE2}.Release|Any CPU.Build.0 = Release|Any CPU
	EndGlobalSection
	GlobalSection(SolutionProperties) = preSolution
		HideSolutionNode = FALSE
	EndGlobalSection
	GlobalSection(ExtensibilityGlobals) = postSolution
		SolutionGuid = {8E5F26FF-AB50-469F-AF2F-99FB78AD91CD}
	EndGlobalSection
EndGlobal
